
Microsoft Visual Studio Solution File, Format Version 12.00
# Visual Studio Version 17
VisualStudioVersion = 17.10.35013.160
MinimumVisualStudioVersion = 10.0.40219.1
Project("{FAE04EC0-301F-11D3-BF4B-00C04F79EFBC}") = "LabEquip", "LabEquip.csproj", "{FBCC35CD-41A8-4BD6-A8C6-F36F16604F57}"
EndProject
Global
	GlobalSection(SolutionConfigurationPlatforms) = preSolution
		Debug|Any CPU = Debug|Any CPU
		Release|Any CPU = Release|Any CPU
	EndGlobalSection
	GlobalSection(ProjectConfigurationPlatforms) = postSolution
		{FBCC35CD-41A8-4BD6-A8C6-F36F16604F57}.Debug|Any CPU.ActiveCfg = Debug|Any CPU
		{FBCC35CD-41A8-4BD6-A8C6-F36F16604F57}.Debug|Any CPU.Build.0 = Debug|Any CPU
		{FBCC35CD-41A8-4BD6-A8C6-F36F16604F57}.Release|Any CPU.ActiveCfg = Release|Any CPU
		{FBCC35CD-41A8-4BD6-A8C6-F36F16604F57}.Release|Any CPU.Build.0 = Release|Any CPU
	EndGlobalSection
	GlobalSection(SolutionProperties) = preSolution
		HideSolutionNode = FALSE
	EndGlobalSection
	GlobalSection(ExtensibilityGlobals) = postSolution
		SolutionGuid = {15882C90-4AF9-4EBF-AEEE-138D3AC24D0D}
	EndGlobalSection
EndGlobal
